
Microsoft Visual Studio Solution File, Format Version 12.00
# Visual Studio Version 17
VisualStudioVersion = 17.13.35617.110 d17.13
MinimumVisualStudioVersion = 10.0.40219.1
Project("{FAE04EC0-301F-11D3-BF4B-00C04F79EFBC}") = "TaskManagerRoom308", "TaskManagerRoom308\TaskManagerRoom308.csproj", "{CF4D2675-0617-4370-B5B2-525435729F16}"
EndProject
Global
	GlobalSection(SolutionConfigurationPlatforms) = preSolution
		Debug|Any CPU = Debug|Any CPU
		Release|Any CPU = Release|Any CPU
	EndGlobalSection
	GlobalSection(ProjectConfigurationPlatforms) = postSolution
		{CF4D2675-0617-4370-B5B2-525435729F16}.Debug|Any CPU.ActiveCfg = Debug|Any CPU
		{CF4D2675-0617-4370-B5B2-525435729F16}.Debug|Any CPU.Build.0 = Debug|Any CPU
		{CF4D2675-0617-4370-B5B2-525435729F16}.Release|Any CPU.ActiveCfg = Release|Any CPU
		{CF4D2675-0617-4370-B5B2-525435729F16}.Release|Any CPU.Build.0 = Release|Any CPU
	EndGlobalSection
	GlobalSection(SolutionProperties) = preSolution
		HideSolutionNode = FALSE
	EndGlobalSection
	GlobalSection(ExtensibilityGlobals) = postSolution
		SolutionGuid = {4298F310-5159-4480-9293-A6A4552B3C91}
	EndGlobalSection
EndGlobal
